{
  "name": "Tiancheng-Atelier",
  "lockfileVersion": 3,
  "requires": true,
  "packages": {
    "": {
      "dependencies": {
        "@wot-ui/ui": "^1.0.0"
      }
    },
    "node_modules/@wot-ui/ui": {
      "version": "1.0.0",
      "resolved": "https://registry.npmjs.org/@wot-ui/ui/-/ui-1.0.0.tgz",
      "integrity": "sha512-Ch6F6TCV1hnG0RZXiZNF3bue3OMyjLgnEkrSlPfIgQlO4nm1EFgBOkjhOqGOMYiNZduXT/Moe4q7M22wR1iXLA==",
      "license": "ISC"
    }
  }
}
